
Microsoft Visual Studio Solution File, Format Version 12.00
# Visual Studio 15
VisualStudioVersion = 15.0.28307.271
MinimumVisualStudioVersion = 10.0.40219.1
Project("{8BC9CEB8-8B4A-11D0-8D11-00A0C91BC942}") = "Chapter3入门模拟", "Chapter3入门模拟\Chapter3入门模拟.vcxproj", "{424C391E-BF89-420F-AE16-740C164E00BC}"
EndProject
Project("{8BC9CEB8-8B4A-11D0-8D11-00A0C91BC942}") = "Chapter4算法初步", "Chapter4算法初步\Chapter4算法初步.vcxproj", "{B16C52AF-4DC4-486C-B4AF-FECE1253EA9D}"
EndProject
Project("{8BC9CEB8-8B4A-11D0-8D11-00A0C91BC942}") = "Chapter6标准模板库(STL)介绍", "Chapter6标准模板库(STL)介绍\Chapter6标准模板库(STL)介绍.vcxproj", "{1C7156E9-3B9C-484F-830E-D2C3A2BB927C}"
EndProject
Global
	GlobalSection(SolutionConfigurationPlatforms) = preSolution
		Debug|x64 = Debug|x64
		Debug|x86 = Debug|x86
		Release|x64 = Release|x64
		Release|x86 = Release|x86
	EndGlobalSection
	GlobalSection(ProjectConfigurationPlatforms) = postSolution
		{424C391E-BF89-420F-AE16-740C164E00BC}.Debug|x64.ActiveCfg = Debug|x64
		{424C391E-BF89-420F-AE16-740C164E00BC}.Debug|x64.Build.0 = Debug|x64
		{424C391E-BF89-420F-AE16-740C164E00BC}.Debug|x86.ActiveCfg = Debug|Win32
		{424C391E-BF89-420F-AE16-740C164E00BC}.Debug|x86.Build.0 = Debug|Win32
		{424C391E-BF89-420F-AE16-740C164E00BC}.Release|x64.ActiveCfg = Release|x64
		{424C391E-BF89-420F-AE16-740C164E00BC}.Release|x64.Build.0 = Release|x64
		{424C391E-BF89-420F-AE16-740C164E00BC}.Release|x86.ActiveCfg = Release|Win32
		{424C391E-BF89-420F-AE16-740C164E00BC}.Release|x86.Build.0 = Release|Win32
		{B16C52AF-4DC4-486C-B4AF-FECE1253EA9D}.Debug|x64.ActiveCfg = Debug|x64
		{B16C52AF-4DC4-486C-B4AF-FECE1253EA9D}.Debug|x64.Build.0 = Debug|x64
		{B16C52AF-4DC4-486C-B4AF-FECE1253EA9D}.Debug|x86.ActiveCfg = Debug|Win32
		{B16C52AF-4DC4-486C-B4AF-FECE1253EA9D}.Debug|x86.Build.0 = Debug|Win32
		{B16C52AF-4DC4-486C-B4AF-FECE1253EA9D}.Release|x64.ActiveCfg = Release|x64
		{B16C52AF-4DC4-486C-B4AF-FECE1253EA9D}.Release|x64.Build.0 = Release|x64
		{B16C52AF-4DC4-486C-B4AF-FECE1253EA9D}.Release|x86.ActiveCfg = Release|Win32
		{B16C52AF-4DC4-486C-B4AF-FECE1253EA9D}.Release|x86.Build.0 = Release|Win32
		{1C7156E9-3B9C-484F-830E-D2C3A2BB927C}.Debug|x64.ActiveCfg = Debug|x64
		{1C7156E9-3B9C-484F-830E-D2C3A2BB927C}.Debug|x64.Build.0 = Debug|x64
		{1C7156E9-3B9C-484F-830E-D2C3A2BB927C}.Debug|x86.ActiveCfg = Debug|Win32
		{1C7156E9-3B9C-484F-830E-D2C3A2BB927C}.Debug|x86.Build.0 = Debug|Win32
		{1C7156E9-3B9C-484F-830E-D2C3A2BB927C}.Release|x64.ActiveCfg = Release|x64
		{1C7156E9-3B9C-484F-830E-D2C3A2BB927C}.Release|x64.Build.0 = Release|x64
		{1C7156E9-3B9C-484F-830E-D2C3A2BB927C}.Release|x86.ActiveCfg = Release|Win32
		{1C7156E9-3B9C-484F-830E-D2C3A2BB927C}.Release|x86.Build.0 = Release|Win32
	EndGlobalSection
	GlobalSection(SolutionProperties) = preSolution
		HideSolutionNode = FALSE
	EndGlobalSection
	GlobalSection(ExtensibilityGlobals) = postSolution
		SolutionGuid = {6423D14E-7C2C-4CC1-A82D-D780CC8CC1ED}
	EndGlobalSection
EndGlobal
